
Microsoft Visual Studio Solution File, Format Version 12.00
# Visual Studio Version 17
VisualStudioVersion = 17.5.33627.172
MinimumVisualStudioVersion = 10.0.40219.1
Project("{9A19103F-16F7-4668-BE54-9A1E7A4F7556}") = "FinanceTracker", "FinanceTracker\FinanceTracker.csproj", "{BF3DB3A2-9668-4135-BE86-45A197B30134}"
EndProject
Project("{2150E333-8FDC-42A3-9474-1A3956D46DE8}") = "Solution Items", "Solution Items", "{6490FA2F-098E-4157-A7B4-28FF5C1B67B8}"
	ProjectSection(SolutionItems) = preProject
		.editorconfig = .editorconfig
	EndProjectSection
EndProject
Global
	GlobalSection(SolutionConfigurationPlatforms) = preSolution
		Debug|Any CPU = Debug|Any CPU
		Release|Any CPU = Release|Any CPU
	EndGlobalSection
	GlobalSection(ProjectConfigurationPlatforms) = postSolution
		{BF3DB3A2-9668-4135-BE86-45A197B30134}.Debug|Any CPU.ActiveCfg = Debug|Any CPU
		{BF3DB3A2-9668-4135-BE86-45A197B30134}.Debug|Any CPU.Build.0 = Debug|Any CPU
		{BF3DB3A2-9668-4135-BE86-45A197B30134}.Release|Any CPU.ActiveCfg = Release|Any CPU
		{BF3DB3A2-9668-4135-BE86-45A197B30134}.Release|Any CPU.Build.0 = Release|Any CPU
	EndGlobalSection
	GlobalSection(SolutionProperties) = preSolution
		HideSolutionNode = FALSE
	EndGlobalSection
	GlobalSection(ExtensibilityGlobals) = postSolution
		SolutionGuid = {FD96573F-BF55-4E92-B0B0-B5D8B847BCAB}
	EndGlobalSection
EndGlobal
